// !$*UTF8*$!
{
	archiveVersion = 1;
	classes = {
	};
	objectVersion = 51;
	objects = {

/* Begin PBXBuildFile section */
		144298A32AC93E79E30C2B64 /* Pods_CarbonAssementTests.framework in Frameworks */ = {isa = PBXBuildFile; fileRef = FC993D0B53EF1A9C97FF47D6 /* Pods_CarbonAssementTests.framework */; };
		20684C3026A5C69600BA9B96 /* FloatingStar.swift in Sources */ = {isa = PBXBuildFile; fileRef = 20684C2F26A5C69600BA9B96 /* FloatingStar.swift */; };
		20684C3226A60A7800BA9B96 /* MockURLProtocol.swift in Sources */ = {isa = PBXBuildFile; fileRef = 20684C3126A60A7800BA9B96 /* MockURLProtocol.swift */; };
		20684C3426A60B0900BA9B96 /* APIManagerTests.swift in Sources */ = {isa = PBXBuildFile; fileRef = 20684C3326A60B0900BA9B96 /* APIManagerTests.swift */; };
		20684C3626A626C900BA9B96 /* TestCoreDataStack.swift in Sources */ = {isa = PBXBuildFile; fileRef = 20684C3526A626C900BA9B96 /* TestCoreDataStack.swift */; };
		20684C3826A6288700BA9B96 /* TestLocalDataSource.swift in Sources */ = {isa = PBXBuildFile; fileRef = 20684C3726A6288700BA9B96 /* TestLocalDataSource.swift */; };
		2094065026A582F400A2419A /* MovieListItem+CoreDataProperties.swift in Sources */ = {isa = PBXBuildFile; fileRef = 2094064F26A582F400A2419A /* MovieListItem+CoreDataProperties.swift */; };
		2094065126A582F400A2419A /* MovieListItem+CoreDataClass.swift in Sources */ = {isa = PBXBuildFile; fileRef = 2094064E26A582F400A2419A /* MovieListItem+CoreDataClass.swift */; };
		209421862699A65F002983AE /* MovieResult.swift in Sources */ = {isa = PBXBuildFile; fileRef = 209421852699A65F002983AE /* MovieResult.swift */; };
		209421892699A6D8002983AE /* CustomViews.swift in Sources */ = {isa = PBXBuildFile; fileRef = 209421882699A6D8002983AE /* CustomViews.swift */; };
		2094218B2699A990002983AE /* FavouriteMovieViewController.swift in Sources */ = {isa = PBXBuildFile; fileRef = 2094218A2699A990002983AE /* FavouriteMovieViewController.swift */; };
		2094218D2699A9B3002983AE /* SingleMovieViewController.swift in Sources */ = {isa = PBXBuildFile; fileRef = 2094218C2699A9B3002983AE /* SingleMovieViewController.swift */; };
		209421902699AAF3002983AE /* MovieViewModel.swift in Sources */ = {isa = PBXBuildFile; fileRef = 2094218F2699AAF3002983AE /* MovieViewModel.swift */; };
		209421932699AB24002983AE /* RemoteDataSource.swift in Sources */ = {isa = PBXBuildFile; fileRef = 209421922699AB24002983AE /* RemoteDataSource.swift */; };
		209421952699AB2F002983AE /* LocalDataSource.swift in Sources */ = {isa = PBXBuildFile; fileRef = 209421942699AB2F002983AE /* LocalDataSource.swift */; };
		20EC290A269999F7002A5CE6 /* AppDelegate.swift in Sources */ = {isa = PBXBuildFile; fileRef = 20EC2909269999F7002A5CE6 /* AppDelegate.swift */; };
		20EC290C269999F7002A5CE6 /* SceneDelegate.swift in Sources */ = {isa = PBXBuildFile; fileRef = 20EC290B269999F7002A5CE6 /* SceneDelegate.swift */; };
		20EC290E269999F7002A5CE6 /* MovieViewController.swift in Sources */ = {isa = PBXBuildFile; fileRef = 20EC290D269999F7002A5CE6 /* MovieViewController.swift */; };
		20EC2911269999F7002A5CE6 /* Main.storyboard in Resources */ = {isa = PBXBuildFile; fileRef = 20EC290F269999F7002A5CE6 /* Main.storyboard */; };
		20EC2914269999F7002A5CE6 /* CarbonAssement.xcdatamodeld in Sources */ = {isa = PBXBuildFile; fileRef = 20EC2912269999F7002A5CE6 /* CarbonAssement.xcdatamodeld */; };
		20EC2916269999FB002A5CE6 /* Assets.xcassets in Resources */ = {isa = PBXBuildFile; fileRef = 20EC2915269999FB002A5CE6 /* Assets.xcassets */; };
		20EC2919269999FB002A5CE6 /* LaunchScreen.storyboard in Resources */ = {isa = PBXBuildFile; fileRef = 20EC2917269999FB002A5CE6 /* LaunchScreen.storyboard */; };
		20EC2924269999FB002A5CE6 /* CarbonAssementTests.swift in Sources */ = {isa = PBXBuildFile; fileRef = 20EC2923269999FB002A5CE6 /* CarbonAssementTests.swift */; };
		20EC292F269999FC002A5CE6 /* CarbonAssementUITests.swift in Sources */ = {isa = PBXBuildFile; fileRef = 20EC292E269999FC002A5CE6 /* CarbonAssementUITests.swift */; };
		20EC294026999A47002A5CE6 /* APIManager.swift in Sources */ = {isa = PBXBuildFile; fileRef = 20EC293F26999A47002A5CE6 /* APIManager.swift */; };
		20EC294326999C0E002A5CE6 /* MovieCells.swift in Sources */ = {isa = PBXBuildFile; fileRef = 20EC294126999C0E002A5CE6 /* MovieCells.swift */; };
		20EC294426999C0E002A5CE6 /* MovieCells.xib in Resources */ = {isa = PBXBuildFile; fileRef = 20EC294226999C0E002A5CE6 /* MovieCells.xib */; };
		8CC5BDACA3FC647AC2AA5A48 /* Pods_CarbonAssement.framework in Frameworks */ = {isa = PBXBuildFile; fileRef = 35FD6477DD0CD5F2EE36663C /* Pods_CarbonAssement.framework */; };
		B3E9918B7641EC06EDF8800A /* Pods_CarbonAssement_CarbonAssementUITests.framework in Frameworks */ = {isa = PBXBuildFile; fileRef = 53FB62C63F8888F88CE28249 /* Pods_CarbonAssement_CarbonAssementUITests.framework */; };
/* End PBXBuildFile section */

/* Begin PBXContainerItemProxy section */
		20EC2920269999FB002A5CE6 /* PBXContainerItemProxy */ = {
			isa = PBXContainerItemProxy;
			containerPortal = 20EC28FE269999F6002A5CE6 /* Project object */;
			proxyType = 1;
			remoteGlobalIDString = 20EC2905269999F7002A5CE6;
			remoteInfo = CarbonAssement;
		};
		20EC292B269999FC002A5CE6 /* PBXContainerItemProxy */ = {
			isa = PBXContainerItemProxy;
			containerPortal = 20EC28FE269999F6002A5CE6 /* Project object */;
			proxyType = 1;
			remoteGlobalIDString = 20EC2905269999F7002A5CE6;
			remoteInfo = CarbonAssement;
		};
/* End PBXContainerItemProxy section */

/* Begin PBXFileReference section */
		20684C2F26A5C69600BA9B96 /* FloatingStar.swift */ = {isa = PBXFileReference; lastKnownFileType = sourcecode.swift; path = FloatingStar.swift; sourceTree = "<group>"; };
		20684C3126A60A7800BA9B96 /* MockURLProtocol.swift */ = {isa = PBXFileReference; lastKnownFileType = sourcecode.swift; path = MockURLProtocol.swift; sourceTree = "<group>"; };
		20684C3326A60B0900BA9B96 /* APIManagerTests.swift */ = {isa = PBXFileReference; lastKnownFileType = sourcecode.swift; path = APIManagerTests.swift; sourceTree = "<group>"; };
		20684C3526A626C900BA9B96 /* TestCoreDataStack.swift */ = {isa = PBXFileReference; lastKnownFileType = sourcecode.swift; path = TestCoreDataStack.swift; sourceTree = "<group>"; };
		20684C3726A6288700BA9B96 /* TestLocalDataSource.swift */ = {isa = PBXFileReference; lastKnownFileType = sourcecode.swift; path = TestLocalDataSource.swift; sourceTree = "<group>"; };
		2094064E26A582F400A2419A /* MovieListItem+CoreDataClass.swift */ = {isa = PBXFileReference; lastKnownFileType = sourcecode.swift; name = "MovieListItem+CoreDataClass.swift"; path = "/Users/anthonyudo/Desktop/CarbonAssement/CarbonAssement/Model/MovieListItem+CoreDataClass.swift"; sourceTree = "<absolute>"; };
		2094064F26A582F400A2419A /* MovieListItem+CoreDataProperties.swift */ = {isa = PBXFileReference; lastKnownFileType = sourcecode.swift; name = "MovieListItem+CoreDataProperties.swift"; path = "/Users/anthonyudo/Desktop/CarbonAssement/CarbonAssement/Model/MovieListItem+CoreDataProperties.swift"; sourceTree = "<absolute>"; };
		209421852699A65F002983AE /* MovieResult.swift */ = {isa = PBXFileReference; lastKnownFileType = sourcecode.swift; path = MovieResult.swift; sourceTree = "<group>"; };
		209421882699A6D8002983AE /* CustomViews.swift */ = {isa = PBXFileReference; lastKnownFileType = sourcecode.swift; path = CustomViews.swift; sourceTree = "<group>"; };
		2094218A2699A990002983AE /* FavouriteMovieViewController.swift */ = {isa = PBXFileReference; lastKnownFileType = sourcecode.swift; path = FavouriteMovieViewController.swift; sourceTree = "<group>"; };
		2094218C2699A9B3002983AE /* SingleMovieViewController.swift */ = {isa = PBXFileReference; lastKnownFileType = sourcecode.swift; path = SingleMovieViewController.swift; sourceTree = "<group>"; };
		2094218F2699AAF3002983AE /* MovieViewModel.swift */ = {isa = PBXFileReference; lastKnownFileType = sourcecode.swift; path = MovieViewModel.swift; sourceTree = "<group>"; };
		209421922699AB24002983AE /* RemoteDataSource.swift */ = {isa = PBXFileReference; lastKnownFileType = sourcecode.swift; path = RemoteDataSource.swift; sourceTree = "<group>"; };
		209421942699AB2F002983AE /* LocalDataSource.swift */ = {isa = PBXFileReference; lastKnownFileType = sourcecode.swift; path = LocalDataSource.swift; sourceTree = "<group>"; };
		20EC2906269999F7002A5CE6 /* CarbonAssement.app */ = {isa = PBXFileReference; explicitFileType = wrapper.application; includeInIndex = 0; path = CarbonAssement.app; sourceTree = BUILT_PRODUCTS_DIR; };
		20EC2909269999F7002A5CE6 /* AppDelegate.swift */ = {isa = PBXFileReference; lastKnownFileType = sourcecode.swift; path = AppDelegate.swift; sourceTree = "<group>"; };
		20EC290B269999F7002A5CE6 /* SceneDelegate.swift */ = {isa = PBXFileReference; lastKnownFileType = sourcecode.swift; path = SceneDelegate.swift; sourceTree = "<group>"; };
		20EC290D269999F7002A5CE6 /* MovieViewController.swift */ = {isa = PBXFileReference; lastKnownFileType = sourcecode.swift; path = MovieViewController.swift; sourceTree = "<group>"; };
		20EC2910269999F7002A5CE6 /* Base */ = {isa = PBXFileReference; lastKnownFileType = file.storyboard; name = Base; path = Base.lproj/Main.storyboard; sourceTree = "<group>"; };
		20EC2913269999F7002A5CE6 /* CarbonAssement.xcdatamodel */ = {isa = PBXFileReference; lastKnownFileType = wrapper.xcdatamodel; path = CarbonAssement.xcdatamodel; sourceTree = "<group>"; };
		20EC2915269999FB002A5CE6 /* Assets.xcassets */ = {isa = PBXFileReference; lastKnownFileType = folder.assetcatalog; path = Assets.xcassets; sourceTree = "<group>"; };
		20EC2918269999FB002A5CE6 /* Base */ = {isa = PBXFileReference; lastKnownFileType = file.storyboard; name = Base; path = Base.lproj/LaunchScreen.storyboard; sourceTree = "<group>"; };
		20EC291A269999FB002A5CE6 /* Info.plist */ = {isa = PBXFileReference; lastKnownFileType = text.plist.xml; path = Info.plist; sourceTree = "<group>"; };
		20EC291F269999FB002A5CE6 /* CarbonAssementTests.xctest */ = {isa = PBXFileReference; explicitFileType = wrapper.cfbundle; includeInIndex = 0; path = CarbonAssementTests.xctest; sourceTree = BUILT_PRODUCTS_DIR; };
		20EC2923269999FB002A5CE6 /* CarbonAssementTests.swift */ = {isa = PBXFileReference; lastKnownFileType = sourcecode.swift; path = CarbonAssementTests.swift; sourceTree = "<group>"; };
		20EC2925269999FB002A5CE6 /* Info.plist */ = {isa = PBXFileReference; lastKnownFileType = text.plist.xml; path = Info.plist; sourceTree = "<group>"; };
		20EC292A269999FC002A5CE6 /* CarbonAssementUITests.xctest */ = {isa = PBXFileReference; explicitFileType = wrapper.cfbundle; includeInIndex = 0; path = CarbonAssementUITests.xctest; sourceTree = BUILT_PRODUCTS_DIR; };
		20EC292E269999FC002A5CE6 /* CarbonAssementUITests.swift */ = {isa = PBXFileReference; lastKnownFileType = sourcecode.swift; path = CarbonAssementUITests.swift; sourceTree = "<group>"; };
		20EC2930269999FC002A5CE6 /* Info.plist */ = {isa = PBXFileReference; lastKnownFileType = text.plist.xml; path = Info.plist; sourceTree = "<group>"; };
		20EC293F26999A47002A5CE6 /* APIManager.swift */ = {isa = PBXFileReference; lastKnownFileType = sourcecode.swift; path = APIManager.swift; sourceTree = "<group>"; };
		20EC294126999C0E002A5CE6 /* MovieCells.swift */ = {isa = PBXFileReference; lastKnownFileType = sourcecode.swift; path = MovieCells.swift; sourceTree = "<group>"; };
		20EC294226999C0E002A5CE6 /* MovieCells.xib */ = {isa = PBXFileReference; lastKnownFileType = file.xib; path = MovieCells.xib; sourceTree = "<group>"; };
		2EF84DA808BC851E7D212C6C /* Pods-CarbonAssement-CarbonAssementUITests.release.xcconfig */ = {isa = PBXFileReference; includeInIndex = 1; lastKnownFileType = text.xcconfig; name = "Pods-CarbonAssement-CarbonAssementUITests.release.xcconfig"; path = "Target Support Files/Pods-CarbonAssement-CarbonAssementUITests/Pods-CarbonAssement-CarbonAssementUITests.release.xcconfig"; sourceTree = "<group>"; };
		35FD6477DD0CD5F2EE36663C /* Pods_CarbonAssement.framework */ = {isa = PBXFileReference; explicitFileType = wrapper.framework; includeInIndex = 0; path = Pods_CarbonAssement.framework; sourceTree = BUILT_PRODUCTS_DIR; };
		53FB62C63F8888F88CE28249 /* Pods_CarbonAssement_CarbonAssementUITests.framework */ = {isa = PBXFileReference; explicitFileType = wrapper.framework; includeInIndex = 0; path = Pods_CarbonAssement_CarbonAssementUITests.framework; sourceTree = BUILT_PRODUCTS_DIR; };
		6074A59D1280FE03FDED9B78 /* Pods-CarbonAssement.release.xcconfig */ = {isa = PBXFileReference; includeInIndex = 1; lastKnownFileType = text.xcconfig; name = "Pods-CarbonAssement.release.xcconfig"; path = "Target Support Files/Pods-CarbonAssement/Pods-CarbonAssement.release.xcconfig"; sourceTree = "<group>"; };
		64DDAEA17720ADF6C7F5418B /* Pods-CarbonAssement.debug.xcconfig */ = {isa = PBXFileReference; includeInIndex = 1; lastKnownFileType = text.xcconfig; name = "Pods-CarbonAssement.debug.xcconfig"; path = "Target Support Files/Pods-CarbonAssement/Pods-CarbonAssement.debug.xcconfig"; sourceTree = "<group>"; };
		ADEC136AD2FC7D12A72960C9 /* Pods-CarbonAssementTests.debug.xcconfig */ = {isa = PBXFileReference; includeInIndex = 1; lastKnownFileType = text.xcconfig; name = "Pods-CarbonAssementTests.debug.xcconfig"; path = "Target Support Files/Pods-CarbonAssementTests/Pods-CarbonAssementTests.debug.xcconfig"; sourceTree = "<group>"; };
		C22903B52E28261834E98B7B /* Pods-CarbonAssementTests.release.xcconfig */ = {isa = PBXFileReference; includeInIndex = 1; lastKnownFileType = text.xcconfig; name = "Pods-CarbonAssementTests.release.xcconfig"; path = "Target Support Files/Pods-CarbonAssementTests/Pods-CarbonAssementTests.release.xcconfig"; sourceTree = "<group>"; };
		F0968542F29BA36E408EFF87 /* Pods-CarbonAssement-CarbonAssementUITests.debug.xcconfig */ = {isa = PBXFileReference; includeInIndex = 1; lastKnownFileType = text.xcconfig; name = "Pods-CarbonAssement-CarbonAssementUITests.debug.xcconfig"; path = "Target Support Files/Pods-CarbonAssement-CarbonAssementUITests/Pods-CarbonAssement-CarbonAssementUITests.debug.xcconfig"; sourceTree = "<group>"; };
		FC993D0B53EF1A9C97FF47D6 /* Pods_CarbonAssementTests.framework */ = {isa = PBXFileReference; explicitFileType = wrapper.framework; includeInIndex = 0; path = Pods_CarbonAssementTests.framework; sourceTree = BUILT_PRODUCTS_DIR; };
/* End PBXFileReference section */

/* Begin PBXFrameworksBuildPhase section */
		20EC2903269999F7002A5CE6 /* Frameworks */ = {
			isa = PBXFrameworksBuildPhase;
			buildActionMask = 2147483647;
			files = (
				8CC5BDACA3FC647AC2AA5A48 /* Pods_CarbonAssement.framework in Frameworks */,
			);
			runOnlyForDeploymentPostprocessing = 0;
		};
		20EC291C269999FB002A5CE6 /* Frameworks */ = {
			isa = PBXFrameworksBuildPhase;
			buildActionMask = 2147483647;
			files = (
				144298A32AC93E79E30C2B64 /* Pods_CarbonAssementTests.framework in Frameworks */,
			);
			runOnlyForDeploymentPostprocessing = 0;
		};
		20EC2927269999FC002A5CE6 /* Frameworks */ = {
			isa = PBXFrameworksBuildPhase;
			buildActionMask = 2147483647;
			files = (
				B3E9918B7641EC06EDF8800A /* Pods_CarbonAssement_CarbonAssementUITests.framework in Frameworks */,
			);
			runOnlyForDeploymentPostprocessing = 0;
		};
/* End PBXFrameworksBuildPhase section */

/* Begin PBXGroup section */
		209421842699A64E002983AE /* Model */ = {
			isa = PBXGroup;
			children = (
				2094064E26A582F400A2419A /* MovieListItem+CoreDataClass.swift */,
				2094064F26A582F400A2419A /* MovieListItem+CoreDataProperties.swift */,
				209421852699A65F002983AE /* MovieResult.swift */,
			);
			path = Model;
			sourceTree = "<group>";
		};
		209421872699A6C9002983AE /* CustomViews */ = {
			isa = PBXGroup;
			children = (
				209421882699A6D8002983AE /* CustomViews.swift */,
				20EC294126999C0E002A5CE6 /* MovieCells.swift */,
				20684C2F26A5C69600BA9B96 /* FloatingStar.swift */,
			);
			path = CustomViews;
			sourceTree = "<group>";
		};
		2094218E2699AADE002983AE /* ViewModel */ = {
			isa = PBXGroup;
			children = (
				2094218F2699AAF3002983AE /* MovieViewModel.swift */,
			);
			path = ViewModel;
			sourceTree = "<group>";
		};
		209421912699AB13002983AE /* DataSource */ = {
			isa = PBXGroup;
			children = (
				209421922699AB24002983AE /* RemoteDataSource.swift */,
				209421942699AB2F002983AE /* LocalDataSource.swift */,
			);
			path = DataSource;
			sourceTree = "<group>";
		};
		20EC28FD269999F6002A5CE6 = {
			isa = PBXGroup;
			children = (
				20EC2908269999F7002A5CE6 /* CarbonAssement */,
				20EC2922269999FB002A5CE6 /* CarbonAssementTests */,
				20EC292D269999FC002A5CE6 /* CarbonAssementUITests */,
				20EC2907269999F7002A5CE6 /* Products */,
				38C7EEAFE6FB0D447819D8E1 /* Pods */,
				DE13B9B410D37070E011B402 /* Frameworks */,
			);
			sourceTree = "<group>";
		};
		20EC2907269999F7002A5CE6 /* Products */ = {
			isa = PBXGroup;
			children = (
				20EC2906269999F7002A5CE6 /* CarbonAssement.app */,
				20EC291F269999FB002A5CE6 /* CarbonAssementTests.xctest */,
				20EC292A269999FC002A5CE6 /* CarbonAssementUITests.xctest */,
			);
			name = Products;
			sourceTree = "<group>";
		};
		20EC2908269999F7002A5CE6 /* CarbonAssement */ = {
			isa = PBXGroup;
			children = (
				20EC293E26999A26002A5CE6 /* NetworkManager */,
				209421912699AB13002983AE /* DataSource */,
				2094218E2699AADE002983AE /* ViewModel */,
				209421872699A6C9002983AE /* CustomViews */,
				209421842699A64E002983AE /* Model */,
				20EC293D26999A18002A5CE6 /* ViewControllers */,
				20EC293C26999A11002A5CE6 /* Views */,
				20EC2909269999F7002A5CE6 /* AppDelegate.swift */,
				20EC290B269999F7002A5CE6 /* SceneDelegate.swift */,
				20EC2915269999FB002A5CE6 /* Assets.xcassets */,
				20EC291A269999FB002A5CE6 /* Info.plist */,
				20EC2912269999F7002A5CE6 /* CarbonAssement.xcdatamodeld */,
			);
			path = CarbonAssement;
			sourceTree = "<group>";
		};
		20EC2922269999FB002A5CE6 /* CarbonAssementTests */ = {
			isa = PBXGroup;
			children = (
				20EC2923269999FB002A5CE6 /* CarbonAssementTests.swift */,
				20EC2925269999FB002A5CE6 /* Info.plist */,
				20684C3126A60A7800BA9B96 /* MockURLProtocol.swift */,
				20684C3326A60B0900BA9B96 /* APIManagerTests.swift */,
				20684C3526A626C900BA9B96 /* TestCoreDataStack.swift */,
				20684C3726A6288700BA9B96 /* TestLocalDataSource.swift */,
			);
			path = CarbonAssementTests;
			sourceTree = "<group>";
		};
		20EC292D269999FC002A5CE6 /* CarbonAssementUITests */ = {
			isa = PBXGroup;
			children = (
				20EC292E269999FC002A5CE6 /* CarbonAssementUITests.swift */,
				20EC2930269999FC002A5CE6 /* Info.plist */,
			);
			path = CarbonAssementUITests;
			sourceTree = "<group>";
		};
		20EC293C26999A11002A5CE6 /* Views */ = {
			isa = PBXGroup;
			children = (
				20EC290F269999F7002A5CE6 /* Main.storyboard */,
				20EC2917269999FB002A5CE6 /* LaunchScreen.storyboard */,
				20EC294226999C0E002A5CE6 /* MovieCells.xib */,
			);
			path = Views;
			sourceTree = "<group>";
		};
		20EC293D26999A18002A5CE6 /* ViewControllers */ = {
			isa = PBXGroup;
			children = (
				20EC290D269999F7002A5CE6 /* MovieViewController.swift */,
				2094218A2699A990002983AE /* FavouriteMovieViewController.swift */,
				2094218C2699A9B3002983AE /* SingleMovieViewController.swift */,
			);
			path = ViewControllers;
			sourceTree = "<group>";
		};
		20EC293E26999A26002A5CE6 /* NetworkManager */ = {
			isa = PBXGroup;
			children = (
				20EC293F26999A47002A5CE6 /* APIManager.swift */,
			);
			path = NetworkManager;
			sourceTree = "<group>";
		};
		38C7EEAFE6FB0D447819D8E1 /* Pods */ = {
			isa = PBXGroup;
			children = (
				64DDAEA17720ADF6C7F5418B /* Pods-CarbonAssement.debug.xcconfig */,
				6074A59D1280FE03FDED9B78 /* Pods-CarbonAssement.release.xcconfig */,
				F0968542F29BA36E408EFF87 /* Pods-CarbonAssement-CarbonAssementUITests.debug.xcconfig */,
				2EF84DA808BC851E7D212C6C /* Pods-CarbonAssement-CarbonAssementUITests.release.xcconfig */,
				ADEC136AD2FC7D12A72960C9 /* Pods-CarbonAssementTests.debug.xcconfig */,
				C22903B52E28261834E98B7B /* Pods-CarbonAssementTests.release.xcconfig */,
			);
			path = Pods;
			sourceTree = "<group>";
		};
		DE13B9B410D37070E011B402 /* Frameworks */ = {
			isa = PBXGroup;
			children = (
				35FD6477DD0CD5F2EE36663C /* Pods_CarbonAssement.framework */,
				53FB62C63F8888F88CE28249 /* Pods_CarbonAssement_CarbonAssementUITests.framework */,
				FC993D0B53EF1A9C97FF47D6 /* Pods_CarbonAssementTests.framework */,
			);
			name = Frameworks;
			sourceTree = "<group>";
		};
/* End PBXGroup section */

/* Begin PBXNativeTarget section */
		20EC2905269999F7002A5CE6 /* CarbonAssement */ = {
			isa = PBXNativeTarget;
			buildConfigurationList = 20EC2933269999FC002A5CE6 /* Build configuration list for PBXNativeTarget "CarbonAssement" */;
			buildPhases = (
				D96AA8CC46D7C8B517340DA3 /* [CP] Check Pods Manifest.lock */,
				20EC2902269999F7002A5CE6 /* Sources */,
				20EC2903269999F7002A5CE6 /* Frameworks */,
				20EC2904269999F7002A5CE6 /* Resources */,
				13D3D438E531EFFD1C97C83C /* [CP] Embed Pods Frameworks */,
			);
			buildRules = (
			);
			dependencies = (
			);
			name = CarbonAssement;
			productName = CarbonAssement;
			productReference = 20EC2906269999F7002A5CE6 /* CarbonAssement.app */;
			productType = "com.apple.product-type.application";
		};
		20EC291E269999FB002A5CE6 /* CarbonAssementTests */ = {
			isa = PBXNativeTarget;
			buildConfigurationList = 20EC2936269999FC002A5CE6 /* Build configuration list for PBXNativeTarget "CarbonAssementTests" */;
			buildPhases = (
				51F5576A7937DCCF4A591BB1 /* [CP] Check Pods Manifest.lock */,
				20EC291B269999FB002A5CE6 /* Sources */,
				20EC291C269999FB002A5CE6 /* Frameworks */,
				20EC291D269999FB002A5CE6 /* Resources */,
			);
			buildRules = (
			);
			dependencies = (
				20EC2921269999FB002A5CE6 /* PBXTargetDependency */,
			);
			name = CarbonAssementTests;
			productName = CarbonAssementTests;
			productReference = 20EC291F269999FB002A5CE6 /* CarbonAssementTests.xctest */;
			productType = "com.apple.product-type.bundle.unit-test";
		};
		20EC2929269999FC002A5CE6 /* CarbonAssementUITests */ = {
			isa = PBXNativeTarget;
			buildConfigurationList = 20EC2939269999FC002A5CE6 /* Build configuration list for PBXNativeTarget "CarbonAssementUITests" */;
			buildPhases = (
				5A204431DFCD4278CC4527EB /* [CP] Check Pods Manifest.lock */,
				20EC2926269999FC002A5CE6 /* Sources */,
				20EC2927269999FC002A5CE6 /* Frameworks */,
				20EC2928269999FC002A5CE6 /* Resources */,
				F3B7873989F4F529FA962E88 /* [CP] Embed Pods Frameworks */,
			);
			buildRules = (
			);
			dependencies = (
				20EC292C269999FC002A5CE6 /* PBXTargetDependency */,
			);
			name = CarbonAssementUITests;
			productName = CarbonAssementUITests;
			productReference = 20EC292A269999FC002A5CE6 /* CarbonAssementUITests.xctest */;
			productType = "com.apple.product-type.bundle.ui-testing";
		};
/* End PBXNativeTarget section */

/* Begin PBXProject section */
		20EC28FE269999F6002A5CE6 /* Project object */ = {
			isa = PBXProject;
			attributes = {
				LastSwiftUpdateCheck = 1250;
				LastUpgradeCheck = 1250;
				TargetAttributes = {
					20EC2905269999F7002A5CE6 = {
						CreatedOnToolsVersion = 12.5;
					};
					20EC291E269999FB002A5CE6 = {
						CreatedOnToolsVersion = 12.5;
						TestTargetID = 20EC2905269999F7002A5CE6;
					};
					20EC2929269999FC002A5CE6 = {
						CreatedOnToolsVersion = 12.5;
						TestTargetID = 20EC2905269999F7002A5CE6;
					};
				};
			};
			buildConfigurationList = 20EC2901269999F6002A5CE6 /* Build configuration list for PBXProject "CarbonAssement" */;
			compatibilityVersion = "Xcode 9.3";
			developmentRegion = en;
			hasScannedForEncodings = 0;
			knownRegions = (
				en,
				Base,
			);
			mainGroup = 20EC28FD269999F6002A5CE6;
			productRefGroup = 20EC2907269999F7002A5CE6 /* Products */;
			projectDirPath = "";
			projectRoot = "";
			targets = (
				20EC2905269999F7002A5CE6 /* CarbonAssement */,
				20EC291E269999FB002A5CE6 /* CarbonAssementTests */,
				20EC2929269999FC002A5CE6 /* CarbonAssementUITests */,
			);
		};
/* End PBXProject section */

/* Begin PBXResourcesBuildPhase section */
		20EC2904269999F7002A5CE6 /* Resources */ = {
			isa = PBXResourcesBuildPhase;
			buildActionMask = 2147483647;
			files = (
				20EC2919269999FB002A5CE6 /* LaunchScreen.storyboard in Resources */,
				20EC2916269999FB002A5CE6 /* Assets.xcassets in Resources */,
				20EC294426999C0E002A5CE6 /* MovieCells.xib in Resources */,
				20EC2911269999F7002A5CE6 /* Main.storyboard in Resources */,
			);
			runOnlyForDeploymentPostprocessing = 0;
		};
		20EC291D269999FB002A5CE6 /* Resources */ = {
			isa = PBXResourcesBuildPhase;
			buildActionMask = 2147483647;
			files = (
			);
			runOnlyForDeploymentPostprocessing = 0;
		};
		20EC2928269999FC002A5CE6 /* Resources */ = {
			isa = PBXResourcesBuildPhase;
			buildActionMask = 2147483647;
			files = (
			);
			runOnlyForDeploymentPostprocessing = 0;
		};
/* End PBXResourcesBuildPhase section */

/* Begin PBXShellScriptBuildPhase section */
		13D3D438E531EFFD1C97C83C /* [CP] Embed Pods Frameworks */ = {
			isa = PBXShellScriptBuildPhase;
			buildActionMask = 2147483647;
			files = (
			);
			inputFileListPaths = (
				"${PODS_ROOT}/Target Support Files/Pods-CarbonAssement/Pods-CarbonAssement-frameworks-${CONFIGURATION}-input-files.xcfilelist",
			);
			name = "[CP] Embed Pods Frameworks";
			outputFileListPaths = (
				"${PODS_ROOT}/Target Support Files/Pods-CarbonAssement/Pods-CarbonAssement-frameworks-${CONFIGURATION}-output-files.xcfilelist",
			);
			runOnlyForDeploymentPostprocessing = 0;
			shellPath = /bin/sh;
			shellScript = "\"${PODS_ROOT}/Target Support Files/Pods-CarbonAssement/Pods-CarbonAssement-frameworks.sh\"\n";
			showEnvVarsInLog = 0;
		};
		51F5576A7937DCCF4A591BB1 /* [CP] Check Pods Manifest.lock */ = {
			isa = PBXShellScriptBuildPhase;
			buildActionMask = 2147483647;
			files = (
			);
			inputFileListPaths = (
			);
			inputPaths = (
				"${PODS_PODFILE_DIR_PATH}/Podfile.lock",
				"${PODS_ROOT}/Manifest.lock",
			);
			name = "[CP] Check Pods Manifest.lock";
			outputFileListPaths = (
			);
			outputPaths = (
				"$(DERIVED_FILE_DIR)/Pods-CarbonAssementTests-checkManifestLockResult.txt",
			);
			runOnlyForDeploymentPostprocessing = 0;
			shellPath = /bin/sh;
			shellScript = "diff \"${PODS_PODFILE_DIR_PATH}/Podfile.lock\" \"${PODS_ROOT}/Manifest.lock\" > /dev/null\nif [ $? != 0 ] ; then\n    # print error to STDERR\n    echo \"error: The sandbox is not in sync with the Podfile.lock. Run 'pod install' or update your CocoaPods installation.\" >&2\n    exit 1\nfi\n# This output is used by Xcode 'outputs' to avoid re-running this script phase.\necho \"SUCCESS\" > \"${SCRIPT_OUTPUT_FILE_0}\"\n";
			showEnvVarsInLog = 0;
		};
		5A204431DFCD4278CC4527EB /* [CP] Check Pods Manifest.lock */ = {
			isa = PBXShellScriptBuildPhase;
			buildActionMask = 2147483647;
			files = (
			);
			inputFileListPaths = (
			);
			inputPaths = (
				"${PODS_PODFILE_DIR_PATH}/Podfile.lock",
				"${PODS_ROOT}/Manifest.lock",
			);
			name = "[CP] Check Pods Manifest.lock";
			outputFileListPaths = (
			);
			outputPaths = (
				"$(DERIVED_FILE_DIR)/Pods-CarbonAssement-CarbonAssementUITests-checkManifestLockResult.txt",
			);
			runOnlyForDeploymentPostprocessing = 0;
			shellPath = /bin/sh;
			shellScript = "diff \"${PODS_PODFILE_DIR_PATH}/Podfile.lock\" \"${PODS_ROOT}/Manifest.lock\" > /dev/null\nif [ $? != 0 ] ; then\n    # print error to STDERR\n    echo \"error: The sandbox is not in sync with the Podfile.lock. Run 'pod install' or update your CocoaPods installation.\" >&2\n    exit 1\nfi\n# This output is used by Xcode 'outputs' to avoid re-running this script phase.\necho \"SUCCESS\" > \"${SCRIPT_OUTPUT_FILE_0}\"\n";
			showEnvVarsInLog = 0;
		};
		D96AA8CC46D7C8B517340DA3 /* [CP] Check Pods Manifest.lock */ = {
			isa = PBXShellScriptBuildPhase;
			buildActionMask = 2147483647;
			files = (
			);
			inputFileListPaths = (
			);
			inputPaths = (
				"${PODS_PODFILE_DIR_PATH}/Podfile.lock",
				"${PODS_ROOT}/Manifest.lock",
			);
			name = "[CP] Check Pods Manifest.lock";
			outputFileListPaths = (
			);
			outputPaths = (
				"$(DERIVED_FILE_DIR)/Pods-CarbonAssement-checkManifestLockResult.txt",
			);
			runOnlyForDeploymentPostprocessing = 0;
			shellPath = /bin/sh;
			shellScript = "diff \"${PODS_PODFILE_DIR_PATH}/Podfile.lock\" \"${PODS_ROOT}/Manifest.lock\" > /dev/null\nif [ $? != 0 ] ; then\n    # print error to STDERR\n    echo \"error: The sandbox is not in sync with the Podfile.lock. Run 'pod install' or update your CocoaPods installation.\" >&2\n    exit 1\nfi\n# This output is used by Xcode 'outputs' to avoid re-running this script phase.\necho \"SUCCESS\" > \"${SCRIPT_OUTPUT_FILE_0}\"\n";
			showEnvVarsInLog = 0;
		};
		F3B7873989F4F529FA962E88 /* [CP] Embed Pods Frameworks */ = {
			isa = PBXShellScriptBuildPhase;
			buildActionMask = 2147483647;
			files = (
			);
			inputFileListPaths = (
				"${PODS_ROOT}/Target Support Files/Pods-CarbonAssement-CarbonAssementUITests/Pods-CarbonAssement-CarbonAssementUITests-frameworks-${CONFIGURATION}-input-files.xcfilelist",
			);
			name = "[CP] Embed Pods Frameworks";
			outputFileListPaths = (
				"${PODS_ROOT}/Target Support Files/Pods-CarbonAssement-CarbonAssementUITests/Pods-CarbonAssement-CarbonAssementUITests-frameworks-${CONFIGURATION}-output-files.xcfilelist",
			);
			runOnlyForDeploymentPostprocessing = 0;
			shellPath = /bin/sh;
			shellScript = "\"${PODS_ROOT}/Target Support Files/Pods-CarbonAssement-CarbonAssementUITests/Pods-CarbonAssement-CarbonAssementUITests-frameworks.sh\"\n";
			showEnvVarsInLog = 0;
		};
/* End PBXShellScriptBuildPhase section */

/* Begin PBXSourcesBuildPhase section */
		20EC2902269999F7002A5CE6 /* Sources */ = {
			isa = PBXSourcesBuildPhase;
			buildActionMask = 2147483647;
			files = (
				209421862699A65F002983AE /* MovieResult.swift in Sources */,
				20EC2914269999F7002A5CE6 /* CarbonAssement.xcdatamodeld in Sources */,
				20EC290E269999F7002A5CE6 /* MovieViewController.swift in Sources */,
				209421902699AAF3002983AE /* MovieViewModel.swift in Sources */,
				2094065126A582F400A2419A /* MovieListItem+CoreDataClass.swift in Sources */,
				209421932699AB24002983AE /* RemoteDataSource.swift in Sources */,
				2094065026A582F400A2419A /* MovieListItem+CoreDataProperties.swift in Sources */,
				20EC290A269999F7002A5CE6 /* AppDelegate.swift in Sources */,
				20684C3026A5C69600BA9B96 /* FloatingStar.swift in Sources */,
				20EC290C269999F7002A5CE6 /* SceneDelegate.swift in Sources */,
				2094218D2699A9B3002983AE /* SingleMovieViewController.swift in Sources */,
				20EC294326999C0E002A5CE6 /* MovieCells.swift in Sources */,
				209421892699A6D8002983AE /* CustomViews.swift in Sources */,
				20EC294026999A47002A5CE6 /* APIManager.swift in Sources */,
				209421952699AB2F002983AE /* LocalDataSource.swift in Sources */,
				2094218B2699A990002983AE /* FavouriteMovieViewController.swift in Sources */,
			);
			runOnlyForDeploymentPostprocessing = 0;
		};
		20EC291B269999FB002A5CE6 /* Sources */ = {
			isa = PBXSourcesBuildPhase;
			buildActionMask = 2147483647;
			files = (
				20684C3826A6288700BA9B96 /* TestLocalDataSource.swift in Sources */,
				20EC2924269999FB002A5CE6 /* CarbonAssementTests.swift in Sources */,
				20684C3226A60A7800BA9B96 /* MockURLProtocol.swift in Sources */,
				20684C3426A60B0900BA9B96 /* APIManagerTests.swift in Sources */,
				20684C3626A626C900BA9B96 /* TestCoreDataStack.swift in Sources */,
			);
			runOnlyForDeploymentPostprocessing = 0;
		};
		20EC2926269999FC002A5CE6 /* Sources */ = {
			isa = PBXSourcesBuildPhase;
			buildActionMask = 2147483647;
			files = (
				20EC292F269999FC002A5CE6 /* CarbonAssementUITests.swift in Sources */,
			);
			runOnlyForDeploymentPostprocessing = 0;
		};
/* End PBXSourcesBuildPhase section */

/* Begin PBXTargetDependency section */
		20EC2921269999FB002A5CE6 /* PBXTargetDependency */ = {
			isa = PBXTargetDependency;
			target = 20EC2905269999F7002A5CE6 /* CarbonAssement */;
			targetProxy = 20EC2920269999FB002A5CE6 /* PBXContainerItemProxy */;
		};
		20EC292C269999FC002A5CE6 /* PBXTargetDependency */ = {
			isa = PBXTargetDependency;
			target = 20EC2905269999F7002A5CE6 /* CarbonAssement */;
			targetProxy = 20EC292B269999FC002A5CE6 /* PBXContainerItemProxy */;
		};
/* End PBXTargetDependency section */

/* Begin PBXVariantGroup section */
		20EC290F269999F7002A5CE6 /* Main.storyboard */ = {
			isa = PBXVariantGroup;
			children = (
				20EC2910269999F7002A5CE6 /* Base */,
			);
			name = Main.storyboard;
			sourceTree = "<group>";
		};
		20EC2917269999FB002A5CE6 /* LaunchScreen.storyboard */ = {
			isa = PBXVariantGroup;
			children = (
				20EC2918269999FB002A5CE6 /* Base */,
			);
			name = LaunchScreen.storyboard;
			sourceTree = "<group>";
		};
/* End PBXVariantGroup section */

/* Begin XCBuildConfiguration section */
		20EC2931269999FC002A5CE6 /* Debug */ = {
			isa = XCBuildConfiguration;
			buildSettings = {
				ALWAYS_SEARCH_USER_PATHS = NO;
				CLANG_ANALYZER_NONNULL = YES;
				CLANG_ANALYZER_NUMBER_OBJECT_CONVERSION = YES_AGGRESSIVE;
				CLANG_CXX_LANGUAGE_STANDARD = "gnu++14";
				CLANG_CXX_LIBRARY = "libc++";
				CLANG_ENABLE_MODULES = YES;
				CLANG_ENABLE_OBJC_ARC = YES;
				CLANG_ENABLE_OBJC_WEAK = YES;
				CLANG_WARN_BLOCK_CAPTURE_AUTORELEASING = YES;
				CLANG_WARN_BOOL_CONVERSION = YES;
				CLANG_WARN_COMMA = YES;
				CLANG_WARN_CONSTANT_CONVERSION = YES;
				CLANG_WARN_DEPRECATED_OBJC_IMPLEMENTATIONS = YES;
				CLANG_WARN_DIRECT_OBJC_ISA_USAGE = YES_ERROR;
				CLANG_WARN_DOCUMENTATION_COMMENTS = YES;
				CLANG_WARN_EMPTY_BODY = YES;
				CLANG_WARN_ENUM_CONVERSION = YES;
				CLANG_WARN_INFINITE_RECURSION = YES;
				CLANG_WARN_INT_CONVERSION = YES;
				CLANG_WARN_NON_LITERAL_NULL_CONVERSION = YES;
				CLANG_WARN_OBJC_IMPLICIT_RETAIN_SELF = YES;
				CLANG_WARN_OBJC_LITERAL_CONVERSION = YES;
				CLANG_WARN_OBJC_ROOT_CLASS = YES_ERROR;
				CLANG_WARN_QUOTED_INCLUDE_IN_FRAMEWORK_HEADER = YES;
				CLANG_WARN_RANGE_LOOP_ANALYSIS = YES;
				CLANG_WARN_STRICT_PROTOTYPES = YES;
				CLANG_WARN_SUSPICIOUS_MOVE = YES;
				CLANG_WARN_UNGUARDED_AVAILABILITY = YES_AGGRESSIVE;
				CLANG_WARN_UNREACHABLE_CODE = YES;
				CLANG_WARN__DUPLICATE_METHOD_MATCH = YES;
				COPY_PHASE_STRIP = NO;
				DEBUG_INFORMATION_FORMAT = dwarf;
				ENABLE_STRICT_OBJC_MSGSEND = YES;
				ENABLE_TESTABILITY = YES;
				GCC_C_LANGUAGE_STANDARD = gnu11;
				GCC_DYNAMIC_NO_PIC = NO;
				GCC_NO_COMMON_BLOCKS = YES;
				GCC_OPTIMIZATION_LEVEL = 0;
				GCC_PREPROCESSOR_DEFINITIONS = (
					"DEBUG=1",
					"$(inherited)",
				);
				GCC_WARN_64_TO_32_BIT_CONVERSION = YES;
				GCC_WARN_ABOUT_RETURN_TYPE = YES_ERROR;
				GCC_WARN_UNDECLARED_SELECTOR = YES;
				GCC_WARN_UNINITIALIZED_AUTOS = YES_AGGRESSIVE;
				GCC_WARN_UNUSED_FUNCTION = YES;
				GCC_WARN_UNUSED_VARIABLE = YES;
				IPHONEOS_DEPLOYMENT_TARGET = 14.5;
				MTL_ENABLE_DEBUG_INFO = INCLUDE_SOURCE;
				MTL_FAST_MATH = YES;
				ONLY_ACTIVE_ARCH = YES;
				SDKROOT = iphoneos;
				SWIFT_ACTIVE_COMPILATION_CONDITIONS = DEBUG;
				SWIFT_OPTIMIZATION_LEVEL = "-Onone";
			};
			name = Debug;
		};
		20EC2932269999FC002A5CE6 /* Release */ = {
			isa = XCBuildConfiguration;
			buildSettings = {
				ALWAYS_SEARCH_USER_PATHS = NO;
				CLANG_ANALYZER_NONNULL = YES;
				CLANG_ANALYZER_NUMBER_OBJECT_CONVERSION = YES_AGGRESSIVE;
				CLANG_CXX_LANGUAGE_STANDARD = "gnu++14";
				CLANG_CXX_LIBRARY = "libc++";
				CLANG_ENABLE_MODULES = YES;
				CLANG_ENABLE_OBJC_ARC = YES;
				CLANG_ENABLE_OBJC_WEAK = YES;
				CLANG_WARN_BLOCK_CAPTURE_AUTORELEASING = YES;
				CLANG_WARN_BOOL_CONVERSION = YES;
				CLANG_WARN_COMMA = YES;
				CLANG_WARN_CONSTANT_CONVERSION = YES;
				CLANG_WARN_DEPRECATED_OBJC_IMPLEMENTATIONS = YES;
				CLANG_WARN_DIRECT_OBJC_ISA_USAGE = YES_ERROR;
				CLANG_WARN_DOCUMENTATION_COMMENTS = YES;
				CLANG_WARN_EMPTY_BODY = YES;
				CLANG_WARN_ENUM_CONVERSION = YES;
				CLANG_WARN_INFINITE_RECURSION = YES;
				CLANG_WARN_INT_CONVERSION = YES;
				CLANG_WARN_NON_LITERAL_NULL_CONVERSION = YES;
				CLANG_WARN_OBJC_IMPLICIT_RETAIN_SELF = YES;
				CLANG_WARN_OBJC_LITERAL_CONVERSION = YES;
				CLANG_WARN_OBJC_ROOT_CLASS = YES_ERROR;
				CLANG_WARN_QUOTED_INCLUDE_IN_FRAMEWORK_HEADER = YES;
				CLANG_WARN_RANGE_LOOP_ANALYSIS = YES;
				CLANG_WARN_STRICT_PROTOTYPES = YES;
				CLANG_WARN_SUSPICIOUS_MOVE = YES;
				CLANG_WARN_UNGUARDED_AVAILABILITY = YES_AGGRESSIVE;
				CLANG_WARN_UNREACHABLE_CODE = YES;
				CLANG_WARN__DUPLICATE_METHOD_MATCH = YES;
				COPY_PHASE_STRIP = NO;
				DEBUG_INFORMATION_FORMAT = "dwarf-with-dsym";
				ENABLE_NS_ASSERTIONS = NO;
				ENABLE_STRICT_OBJC_MSGSEND = YES;
				GCC_C_LANGUAGE_STANDARD = gnu11;
				GCC_NO_COMMON_BLOCKS = YES;
				GCC_WARN_64_TO_32_BIT_CONVERSION = YES;
				GCC_WARN_ABOUT_RETURN_TYPE = YES_ERROR;
				GCC_WARN_UNDECLARED_SELECTOR = YES;
				GCC_WARN_UNINITIALIZED_AUTOS = YES_AGGRESSIVE;
				GCC_WARN_UNUSED_FUNCTION = YES;
				GCC_WARN_UNUSED_VARIABLE = YES;
				IPHONEOS_DEPLOYMENT_TARGET = 14.5;
				MTL_ENABLE_DEBUG_INFO = NO;
				MTL_FAST_MATH = YES;
				SDKROOT = iphoneos;
				SWIFT_COMPILATION_MODE = wholemodule;
				SWIFT_OPTIMIZATION_LEVEL = "-O";
				VALIDATE_PRODUCT = YES;
			};
			name = Release;
		};
		20EC2934269999FC002A5CE6 /* Debug */ = {
			isa = XCBuildConfiguration;
			baseConfigurationReference = 64DDAEA17720ADF6C7F5418B /* Pods-CarbonAssement.debug.xcconfig */;
			buildSettings = {
				ASSETCATALOG_COMPILER_APPICON_NAME = AppIcon;
				ASSETCATALOG_COMPILER_GLOBAL_ACCENT_COLOR_NAME = AccentColor;
				CODE_SIGN_STYLE = Automatic;
				DEVELOPMENT_TEAM = J33WP32723;
				INFOPLIST_FILE = CarbonAssement/Info.plist;
				LD_RUNPATH_SEARCH_PATHS = (
					"$(inherited)",
					"@executable_path/Frameworks",
				);
				PRODUCT_BUNDLE_IDENTIFIER = com.tab.www.CarbonAssement;
				PRODUCT_NAME = "$(TARGET_NAME)";
				SWIFT_VERSION = 5.0;
				TARGETED_DEVICE_FAMILY = "1,2";
			};
			name = Debug;
		};
		20EC2935269999FC002A5CE6 /* Release */ = {
			isa = XCBuildConfiguration;
			baseConfigurationReference = 6074A59D1280FE03FDED9B78 /* Pods-CarbonAssement.release.xcconfig */;
			buildSettings = {
				ASSETCATALOG_COMPILER_APPICON_NAME = AppIcon;
				ASSETCATALOG_COMPILER_GLOBAL_ACCENT_COLOR_NAME = AccentColor;
				CODE_SIGN_STYLE = Automatic;
				DEVELOPMENT_TEAM = J33WP32723;
				INFOPLIST_FILE = CarbonAssement/Info.plist;
				LD_RUNPATH_SEARCH_PATHS = (
					"$(inherited)",
					"@executable_path/Frameworks",
				);
				PRODUCT_BUNDLE_IDENTIFIER = com.tab.www.CarbonAssement;
				PRODUCT_NAME = "$(TARGET_NAME)";
				SWIFT_VERSION = 5.0;
				TARGETED_DEVICE_FAMILY = "1,2";
			};
			name = Release;
		};
		20EC2937269999FC002A5CE6 /* Debug */ = {
			isa = XCBuildConfiguration;
			baseConfigurationReference = ADEC136AD2FC7D12A72960C9 /* Pods-CarbonAssementTests.debug.xcconfig */;
			buildSettings = {
				ALWAYS_EMBED_SWIFT_STANDARD_LIBRARIES = YES;
				BUNDLE_LOADER = "$(TEST_HOST)";
				CODE_SIGN_STYLE = Automatic;
				DEVELOPMENT_TEAM = J33WP32723;
				INFOPLIST_FILE = CarbonAssementTests/Info.plist;
				IPHONEOS_DEPLOYMENT_TARGET = 14.5;
				LD_RUNPATH_SEARCH_PATHS = (
					"$(inherited)",
					"@executable_path/Frameworks",
					"@loader_path/Frameworks",
				);
				PRODUCT_BUNDLE_IDENTIFIER = com.tab.www.CarbonAssementTests;
				PRODUCT_NAME = "$(TARGET_NAME)";
				SWIFT_VERSION = 5.0;
				TARGETED_DEVICE_FAMILY = "1,2";
				TEST_HOST = "$(BUILT_PRODUCTS_DIR)/CarbonAssement.app/CarbonAssement";
			};
			name = Debug;
		};
		20EC2938269999FC002A5CE6 /* Release */ = {
			isa = XCBuildConfiguration;
			baseConfigurationReference = C22903B52E28261834E98B7B /* Pods-CarbonAssementTests.release.xcconfig */;
			buildSettings = {
				ALWAYS_EMBED_SWIFT_STANDARD_LIBRARIES = YES;
				BUNDLE_LOADER = "$(TEST_HOST)";
				CODE_SIGN_STYLE = Automatic;
				DEVELOPMENT_TEAM = J33WP32723;
				INFOPLIST_FILE = CarbonAssementTests/Info.plist;
				IPHONEOS_DEPLOYMENT_TARGET = 14.5;
				LD_RUNPATH_SEARCH_PATHS = (
					"$(inherited)",
					"@executable_path/Frameworks",
					"@loader_path/Frameworks",
				);
				PRODUCT_BUNDLE_IDENTIFIER = com.tab.www.CarbonAssementTests;
				PRODUCT_NAME = "$(TARGET_NAME)";
				SWIFT_VERSION = 5.0;
				TARGETED_DEVICE_FAMILY = "1,2";
				TEST_HOST = "$(BUILT_PRODUCTS_DIR)/CarbonAssement.app/CarbonAssement";
			};
			name = Release;
		};
		20EC293A269999FC002A5CE6 /* Debug */ = {
			isa = XCBuildConfiguration;
			baseConfigurationReference = F0968542F29BA36E408EFF87 /* Pods-CarbonAssement-CarbonAssementUITests.debug.xcconfig */;
			buildSettings = {
				ALWAYS_EMBED_SWIFT_STANDARD_LIBRARIES = YES;
				CODE_SIGN_STYLE = Automatic;
				DEVELOPMENT_TEAM = J33WP32723;
				INFOPLIST_FILE = CarbonAssementUITests/Info.plist;
				LD_RUNPATH_SEARCH_PATHS = (
					"$(inherited)",
					"@executable_path/Frameworks",
					"@loader_path/Frameworks",
				);
				PRODUCT_BUNDLE_IDENTIFIER = com.tab.www.CarbonAssementUITests;
				PRODUCT_NAME = "$(TARGET_NAME)";
				SWIFT_VERSION = 5.0;
				TARGETED_DEVICE_FAMILY = "1,2";
				TEST_TARGET_NAME = CarbonAssement;
			};
			name = Debug;
		};
		20EC293B269999FC002A5CE6 /* Release */ = {
			isa = XCBuildConfiguration;
			baseConfigurationReference = 2EF84DA808BC851E7D212C6C /* Pods-CarbonAssement-CarbonAssementUITests.release.xcconfig */;
			buildSettings = {
				ALWAYS_EMBED_SWIFT_STANDARD_LIBRARIES = YES;
				CODE_SIGN_STYLE = Automatic;
				DEVELOPMENT_TEAM = J33WP32723;
				INFOPLIST_FILE = CarbonAssementUITests/Info.plist;
				LD_RUNPATH_SEARCH_PATHS = (
					"$(inherited)",
					"@executable_path/Frameworks",
					"@loader_path/Frameworks",
				);
				PRODUCT_BUNDLE_IDENTIFIER = com.tab.www.CarbonAssementUITests;
				PRODUCT_NAME = "$(TARGET_NAME)";
				SWIFT_VERSION = 5.0;
				TARGETED_DEVICE_FAMILY = "1,2";
				TEST_TARGET_NAME = CarbonAssement;
			};
			name = Release;
		};
/* End XCBuildConfiguration section */

/* Begin XCConfigurationList section */
		20EC2901269999F6002A5CE6 /* Build configuration list for PBXProject "CarbonAssement" */ = {
			isa = XCConfigurationList;
			buildConfigurations = (
				20EC2931269999FC002A5CE6 /* Debug */,
				20EC2932269999FC002A5CE6 /* Release */,
			);
			defaultConfigurationIsVisible = 0;
			defaultConfigurationName = Release;
		};
		20EC2933269999FC002A5CE6 /* Build configuration list for PBXNativeTarget "CarbonAssement" */ = {
			isa = XCConfigurationList;
			buildConfigurations = (
				20EC2934269999FC002A5CE6 /* Debug */,
				20EC2935269999FC002A5CE6 /* Release */,
			);
			defaultConfigurationIsVisible = 0;
			defaultConfigurationName = Release;
		};
		20EC2936269999FC002A5CE6 /* Build configuration list for PBXNativeTarget "CarbonAssementTests" */ = {
			isa = XCConfigurationList;
			buildConfigurations = (
				20EC2937269999FC002A5CE6 /* Debug */,
				20EC2938269999FC002A5CE6 /* Release */,
			);
			defaultConfigurationIsVisible = 0;
			defaultConfigurationName = Release;
		};
		20EC2939269999FC002A5CE6 /* Build configuration list for PBXNativeTarget "CarbonAssementUITests" */ = {
			isa = XCConfigurationList;
			buildConfigurations = (
				20EC293A269999FC002A5CE6 /* Debug */,
				20EC293B269999FC002A5CE6 /* Release */,
			);
			defaultConfigurationIsVisible = 0;
			defaultConfigurationName = Release;
		};
/* End XCConfigurationList section */

/* Begin XCVersionGroup section */
		20EC2912269999F7002A5CE6 /* CarbonAssement.xcdatamodeld */ = {
			isa = XCVersionGroup;
			children = (
				20EC2913269999F7002A5CE6 /* CarbonAssement.xcdatamodel */,
			);
			currentVersion = 20EC2913269999F7002A5CE6 /* CarbonAssement.xcdatamodel */;
			path = CarbonAssement.xcdatamodeld;
			sourceTree = "<group>";
			versionGroupType = wrapper.xcdatamodel;
		};
/* End XCVersionGroup section */
	};
	rootObject = 20EC28FE269999F6002A5CE6 /* Project object */;
}
